{
  "nodes": {
    "brew-src": {
      "flake": false,
      "locked": {
        "lastModified": 1761377477,
        "narHash": "sha256-72Tuxg0PXGVdoBta34lBmZdfV9xxFln8BPUNPC05vW4=",
        "owner": "Homebrew",
        "repo": "brew",
        "rev": "0d9b9b42bb82fa3641677bab89f2398f3f5764f2",
        "type": "github"
      },
      "original": {
        "owner": "Homebrew",
        "ref": "main",
        "repo": "brew",
        "type": "github"
      }
    },
    "cl-nix-lite": {
      "locked": {
        "lastModified": 1728174978,
        "narHash": "sha256-Grqqg+xuicANB85j0gNEXxi9SBKY7bzGeTuyi95eGcY=",
        "owner": "hraban",
        "repo": "cl-nix-lite",
        "rev": "31cfe6275c341eb3120a99f4b1c8516c49a29d87",
        "type": "github"
      },
      "original": {
        "owner": "hraban",
        "repo": "cl-nix-lite",
        "type": "github"
      }
    },
    "darwin": {
      "inputs": {
        "nixpkgs": [
          "nixpkgs"
        ]
      },
      "locked": {
        "lastModified": 1761339987,
        "narHash": "sha256-IUaawVwItZKi64IA6kF6wQCLCzpXbk2R46dHn8sHkig=",
        "owner": "nix-darwin",
        "repo": "nix-darwin",
        "rev": "7cd9aac79ee2924a85c211d21fafd394b06a38de",
        "type": "github"
      },
      "original": {
        "owner": "nix-darwin",
        "ref": "master",
        "repo": "nix-darwin",
        "type": "github"
      }
    },
    "flake-compat": {
      "flake": false,
      "locked": {
        "lastModified": 1730663653,
        "narHash": "sha256-kFCUWettiFHDIqxCWWQ9qY8pVh+Lj+XL0Giyy/kdomg=",
        "owner": "hraban",
        "repo": "flake-compat",
        "rev": "e5b16676185cb7548581c852f51ce7f3a49bba5e",
        "type": "github"
      },
      "original": {
        "owner": "hraban",
        "ref": "fixed-output",
        "repo": "flake-compat",
        "type": "github"
      }
    },
    "flake-utils": {
      "inputs": {
        "systems": "systems"
      },
      "locked": {
        "lastModified": 1731533236,
        "narHash": "sha256-l0KFg5HjrsfsO/JpG+r7fRrqm12kzFHyUHqHCVpMMbI=",
        "owner": "numtide",
        "repo": "flake-utils",
        "rev": "11707dc2f618dd54ca8739b309ec4fc024de578b",
        "type": "github"
      },
      "original": {
        "owner": "numtide",
        "repo": "flake-utils",
        "type": "github"
      }
    },
    "flake-utils_2": {
      "inputs": {
        "systems": [
          "mac-app-util",
          "systems"
        ]
      },
      "locked": {
        "lastModified": 1731533236,
        "narHash": "sha256-l0KFg5HjrsfsO/JpG+r7fRrqm12kzFHyUHqHCVpMMbI=",
        "owner": "numtide",
        "repo": "flake-utils",
        "rev": "11707dc2f618dd54ca8739b309ec4fc024de578b",
        "type": "github"
      },
      "original": {
        "id": "flake-utils",
        "type": "indirect"
      }
    },
    "home-manager": {
      "inputs": {
        "nixpkgs": [
          "nixpkgs"
        ]
      },
      "locked": {
        "lastModified": 1761446278,
        "narHash": "sha256-RHABglEx32ruvQ+4OqPibeZC/reBfDEBaqKJF0pe4YE=",
        "owner": "nix-community",
        "repo": "home-manager",
        "rev": "64020f453bdf3634bf88a6bbce7f3e56183c8b2b",
        "type": "github"
      },
      "original": {
        "owner": "nix-community",
        "repo": "home-manager",
        "type": "github"
      }
    },
    "homebrew-cask": {
      "flake": false,
      "locked": {
        "lastModified": 1761455267,
        "narHash": "sha256-IDgSUoXGJRyr+G9M0cfYsGLvBD391Pe7S5Mng8hvwcE=",
        "owner": "homebrew",
        "repo": "homebrew-cask",
        "rev": "71b263e3d2cb770f49fadb96755232ea2c8d92f2",
        "type": "github"
      },
      "original": {
        "owner": "homebrew",
        "repo": "homebrew-cask",
        "type": "github"
      }
    },
    "homebrew-cirruslabs": {
      "flake": false,
      "locked": {
        "lastModified": 1761134447,
        "narHash": "sha256-wRjgisPp2toxz69OaqkYt1+PGU3VMAjj0CBxZ5yZcow=",
        "owner": "cirruslabs",
        "repo": "homebrew-cli",
        "rev": "2bc8c4b3580e22ce7bdb86681f60ea40c1329d66",
        "type": "github"
      },
      "original": {
        "owner": "cirruslabs",
        "repo": "homebrew-cli",
        "type": "github"
      }
    },
    "homebrew-core": {
      "flake": false,
      "locked": {
        "lastModified": 1761457624,
        "narHash": "sha256-lib2YtQxGwsmznTZiDWtyxmLKkawFngtYROI8KZqETg=",
        "owner": "homebrew",
        "repo": "homebrew-core",
        "rev": "068460316d890b2e13da411b62e971d7821100b2",
        "type": "github"
      },
      "original": {
        "owner": "homebrew",
        "repo": "homebrew-core",
        "type": "github"
      }
    },
    "homebrew-hashicorp": {
      "flake": false,
      "locked": {
        "lastModified": 1761242170,
        "narHash": "sha256-SuGWHcP4FUUNKzhGKDvNC/n9rAxiTI96KUrfVdNqzu8=",
        "owner": "hashicorp",
        "repo": "homebrew-tap",
        "rev": "3e099d540a393919736672fcc28fc1dd432b5ad3",
        "type": "github"
      },
      "original": {
        "owner": "hashicorp",
        "repo": "homebrew-tap",
        "type": "github"
      }
    },
    "homebrew-stash": {
      "flake": false,
      "locked": {
        "lastModified": 1761231203,
        "narHash": "sha256-H4ae1RBzDvAP7PNCH4++EREOjnRuRrKx1gWY2Gis8Qo=",
        "owner": "otsge",
        "repo": "homebrew-stash",
        "rev": "bbb59651ca8c6cce2ceebbbd985f3a1ef51d7504",
        "type": "github"
      },
      "original": {
        "owner": "otsge",
        "repo": "homebrew-stash",
        "type": "github"
      }
    },
    "homebrew-wailbrew": {
      "flake": false,
      "locked": {
        "lastModified": 1760556196,
        "narHash": "sha256-tXP3fcXFWxzTlq+Aql4PJ08Ay5kOErNcrgQ05jQyTMs=",
        "owner": "wickenico",
        "repo": "homebrew-wailbrew",
        "rev": "00bf7e323aa14b3929eb81fd44bf0b532744fda1",
        "type": "github"
      },
      "original": {
        "owner": "wickenico",
        "repo": "homebrew-wailbrew",
        "type": "github"
      }
    },
    "mac-app-util": {
      "inputs": {
        "cl-nix-lite": "cl-nix-lite",
        "flake-compat": "flake-compat",
        "flake-utils": "flake-utils_2",
        "nixpkgs": "nixpkgs",
        "systems": "systems_2",
        "treefmt-nix": "treefmt-nix"
      },
      "locked": {
        "lastModified": 1756057867,
        "narHash": "sha256-ziR5eQGqRWhW8tf8r0TIplaqNt+HXu1G1X41LUr4IYo=",
        "owner": "hraban",
        "repo": "mac-app-util",
        "rev": "8414fa1e2cb775b17793104a9095aabeeada63ef",
        "type": "github"
      },
      "original": {
        "owner": "hraban",
        "repo": "mac-app-util",
        "type": "github"
      }
    },
    "nix-homebrew": {
      "inputs": {
        "brew-src": "brew-src"
      },
      "locked": {
        "lastModified": 1761398583,
        "narHash": "sha256-fK2OkOM44/b4a7Bkh/c+0e3H0SUjgmjuo4IBGhr+gAc=",
        "owner": "slickag",
        "repo": "nix-homebrew",
        "rev": "34856d8e86a76578116027f25f08e5930787a895",
        "type": "github"
      },
      "original": {
        "owner": "slickag",
        "ref": "brew-latest-patch-1",
        "repo": "nix-homebrew",
        "type": "github"
      }
    },
    "nixpkgs": {
      "locked": {
        "lastModified": 1732617236,
        "narHash": "sha256-PYkz6U0bSEaEB1al7O1XsqVNeSNS+s3NVclJw7YC43w=",
        "owner": "NixOS",
        "repo": "nixpkgs",
        "rev": "af51545ec9a44eadf3fe3547610a5cdd882bc34e",
        "type": "github"
      },
      "original": {
        "owner": "NixOS",
        "repo": "nixpkgs",
        "rev": "af51545ec9a44eadf3fe3547610a5cdd882bc34e",
        "type": "github"
      }
    },
    "nixpkgs_2": {
      "locked": {
        "lastModified": 1754340878,
        "narHash": "sha256-lgmUyVQL9tSnvvIvBp7x1euhkkCho7n3TMzgjdvgPoU=",
        "owner": "nixos",
        "repo": "nixpkgs",
        "rev": "cab778239e705082fe97bb4990e0d24c50924c04",
        "type": "github"
      },
      "original": {
        "owner": "nixos",
        "ref": "nixpkgs-unstable",
        "repo": "nixpkgs",
        "type": "github"
      }
    },
    "nixpkgs_3": {
      "locked": {
        "lastModified": 1761349956,
        "narHash": "sha256-tH3wHnOJms+U4k/rK2Nn1RfBrhffX92jLP/2VndSn0w=",
        "owner": "nixos",
        "repo": "nixpkgs",
        "rev": "02f2cb8e0feb4596d20cc52fda73ccee960e3538",
        "type": "github"
      },
      "original": {
        "owner": "nixos",
        "ref": "nixpkgs-unstable",
        "repo": "nixpkgs",
        "type": "github"
      }
    },
    "root": {
      "inputs": {
        "darwin": "darwin",
        "flake-utils": "flake-utils",
        "home-manager": "home-manager",
        "homebrew-cask": "homebrew-cask",
        "homebrew-cirruslabs": "homebrew-cirruslabs",
        "homebrew-core": "homebrew-core",
        "homebrew-hashicorp": "homebrew-hashicorp",
        "homebrew-stash": "homebrew-stash",
        "homebrew-wailbrew": "homebrew-wailbrew",
        "mac-app-util": "mac-app-util",
        "nix-homebrew": "nix-homebrew",
        "nixpkgs": "nixpkgs_3"
      }
    },
    "systems": {
      "locked": {
        "lastModified": 1681028828,
        "narHash": "sha256-Vy1rq5AaRuLzOxct8nz4T6wlgyUR7zLU309k9mBC768=",
        "owner": "nix-systems",
        "repo": "default",
        "rev": "da67096a3b9bf56a91d16901293e51ba5b49a27e",
        "type": "github"
      },
      "original": {
        "owner": "nix-systems",
        "repo": "default",
        "type": "github"
      }
    },
    "systems_2": {
      "locked": {
        "lastModified": 1689347925,
        "narHash": "sha256-ozenz5bFe1UUqOn7f60HRmgc01BgTGIKZ4Xl+HbocGQ=",
        "owner": "nix-systems",
        "repo": "default-darwin",
        "rev": "2235d7e6cc29ae99878133c95e9fe5e157661ffb",
        "type": "github"
      },
      "original": {
        "owner": "nix-systems",
        "repo": "default-darwin",
        "type": "github"
      }
    },
    "treefmt-nix": {
      "inputs": {
        "nixpkgs": "nixpkgs_2"
      },
      "locked": {
        "lastModified": 1755934250,
        "narHash": "sha256-CsDojnMgYsfshQw3t4zjRUkmMmUdZGthl16bXVWgRYU=",
        "owner": "numtide",
        "repo": "treefmt-nix",
        "rev": "74e1a52d5bd9430312f8d1b8b0354c92c17453e5",
        "type": "github"
      },
      "original": {
        "owner": "numtide",
        "repo": "treefmt-nix",
        "type": "github"
      }
    }
  },
  "root": "root",
  "version": 7
}
